
Microsoft Visual Studio Solution File, Format Version 12.00
# Visual Studio Version 17
VisualStudioVersion = 17.9.34728.123
MinimumVisualStudioVersion = 10.0.40219.1
Project("{9A19103F-16F7-4668-BE54-9A1E7A4F7556}") = "TokenService", "TokenService\TokenService.csproj", "{3C11FCC9-DE0A-49A4-B27F-15702954AF32}"
EndProject
Project("{9A19103F-16F7-4668-BE54-9A1E7A4F7556}") = "TokenServiceTest", "TokenServiceTest\TokenServiceTest.csproj", "{0D30C2AE-7B69-4EEA-8DB1-87F8E0F5B500}"
EndProject
Global
	GlobalSection(SolutionConfigurationPlatforms) = preSolution
		Debug|Any CPU = Debug|Any CPU
		Release|Any CPU = Release|Any CPU
	EndGlobalSection
	GlobalSection(ProjectConfigurationPlatforms) = postSolution
		{3C11FCC9-DE0A-49A4-B27F-15702954AF32}.Debug|Any CPU.ActiveCfg = Debug|Any CPU
		{3C11FCC9-DE0A-49A4-B27F-15702954AF32}.Debug|Any CPU.Build.0 = Debug|Any CPU
		{3C11FCC9-DE0A-49A4-B27F-15702954AF32}.Release|Any CPU.ActiveCfg = Release|Any CPU
		{3C11FCC9-DE0A-49A4-B27F-15702954AF32}.Release|Any CPU.Build.0 = Release|Any CPU
		{0D30C2AE-7B69-4EEA-8DB1-87F8E0F5B500}.Debug|Any CPU.ActiveCfg = Debug|Any CPU
		{0D30C2AE-7B69-4EEA-8DB1-87F8E0F5B500}.Debug|Any CPU.Build.0 = Debug|Any CPU
		{0D30C2AE-7B69-4EEA-8DB1-87F8E0F5B500}.Release|Any CPU.ActiveCfg = Release|Any CPU
		{0D30C2AE-7B69-4EEA-8DB1-87F8E0F5B500}.Release|Any CPU.Build.0 = Release|Any CPU
	EndGlobalSection
	GlobalSection(SolutionProperties) = preSolution
		HideSolutionNode = FALSE
	EndGlobalSection
	GlobalSection(ExtensibilityGlobals) = postSolution
		SolutionGuid = {26B90BF1-11AA-46F9-A96E-91EF1641AEC6}
	EndGlobalSection
EndGlobal
